
Microsoft Visual Studio Solution File, Format Version 12.00
# Visual Studio Version 16
VisualStudioVersion = 16.0.30011.22
MinimumVisualStudioVersion = 10.0.40219.1
Project("{8BC9CEB8-8B4A-11D0-8D11-00A0C91BC942}") = "Sandbox", "Sandbox\Sandbox.vcxproj", "{C160C943-AB22-433D-98DD-C6DAED16644F}"
EndProject
Project("{8BC9CEB8-8B4A-11D0-8D11-00A0C91BC942}") = "York", "York\York.vcxproj", "{0B92CC0A-0E83-4DB8-A83D-FD7490441108}"
EndProject
Global
	GlobalSection(SolutionConfigurationPlatforms) = preSolution
		Debug|x64 = Debug|x64
		Release|x64 = Release|x64
	EndGlobalSection
	GlobalSection(ProjectConfigurationPlatforms) = postSolution
		{0B92CC0A-0E83-4DB8-A83D-FD7490441108}.Debug|x64.ActiveCfg = Debug|x64
		{0B92CC0A-0E83-4DB8-A83D-FD7490441108}.Debug|x64.Build.0 = Debug|x64
		{0B92CC0A-0E83-4DB8-A83D-FD7490441108}.Release|x64.ActiveCfg = Release|x64
		{0B92CC0A-0E83-4DB8-A83D-FD7490441108}.Release|x64.Build.0 = Release|x64
		{C160C943-AB22-433D-98DD-C6DAED16644F}.Debug|x64.ActiveCfg = Debug|x64
		{C160C943-AB22-433D-98DD-C6DAED16644F}.Debug|x64.Build.0 = Debug|x64
		{C160C943-AB22-433D-98DD-C6DAED16644F}.Release|x64.ActiveCfg = Release|x64
		{C160C943-AB22-433D-98DD-C6DAED16644F}.Release|x64.Build.0 = Release|x64
	EndGlobalSection
	GlobalSection(SolutionProperties) = preSolution
		HideSolutionNode = FALSE
	EndGlobalSection
	GlobalSection(ExtensibilityGlobals) = postSolution
		SolutionGuid = {C8B69FA6-F6CD-431E-986B-C51147334675}
	EndGlobalSection
EndGlobal
